
Microsoft Visual Studio Solution File, Format Version 12.00
# Visual Studio Version 18
VisualStudioVersion = 18.3.11520.95
MinimumVisualStudioVersion = 10.0.40219.1
Project("{FAE04EC0-301F-11D3-BF4B-00C04F79EFBC}") = "VideoWebPlayer", "VideoWebPlayer\VideoWebPlayer.csproj", "{951A411D-0429-4A7D-94EE-B1F78D25FA66}"
EndProject
Project("{FAE04EC0-301F-11D3-BF4B-00C04F79EFBC}") = "VideoWebPlayer.Client", "VideoWebPlayer.Client\VideoWebPlayer.Client.csproj", "{2A95DFF2-04F7-48DF-87CE-AF1B4D715523}"
EndProject
Project("{FAE04EC0-301F-11D3-BF4B-00C04F79EFBC}") = "VideoWebPlayer.Tests", "VideoWebPlayer.Tests\VideoWebPlayer.Tests.csproj", "{59F959EE-57E3-6546-4620-F489165BB43D}"
EndProject
Project("{FAE04EC0-301F-11D3-BF4B-00C04F79EFBC}") = "VideoWebPlayer.Maui", "VideoWebPlayer.Maui\VideoWebPlayer.Maui.csproj", "{EC080583-F95B-43C9-B2A1-0CB5D7EF7B30}"
EndProject
Project("{FAE04EC0-301F-11D3-BF4B-00C04F79EFBC}") = "VideoWebPlayer.Maui.Tests", "VideoWebPlayer.Maui.Tests\VideoWebPlayer.Maui.Tests.csproj", "{D66513E6-621B-4054-B0C3-A7E646124A12}"
EndProject
Project("{FAE04EC0-301F-11D3-BF4B-00C04F79EFBC}") = "msTools.Backup", "msTools.Backup\msTools.Backup.csproj", "{083A1DC0-95E0-44D8-AD5B-404A64F55A14}"
EndProject
Project("{FAE04EC0-301F-11D3-BF4B-00C04F79EFBC}") = "msTools.Backup.Tests", "msTools.Backup.Tests\msTools.Backup.Tests.csproj", "{7A2D34D9-A65D-4937-8583-DB4FD8042C22}"
EndProject
Global
	GlobalSection(SolutionConfigurationPlatforms) = preSolution
		Debug|Any CPU = Debug|Any CPU
		Debug|x64 = Debug|x64
		Debug|x86 = Debug|x86
		Release|Any CPU = Release|Any CPU
		Release|x64 = Release|x64
		Release|x86 = Release|x86
	EndGlobalSection
	GlobalSection(ProjectConfigurationPlatforms) = postSolution
		{951A411D-0429-4A7D-94EE-B1F78D25FA66}.Debug|Any CPU.ActiveCfg = Debug|Any CPU
		{951A411D-0429-4A7D-94EE-B1F78D25FA66}.Debug|Any CPU.Build.0 = Debug|Any CPU
		{951A411D-0429-4A7D-94EE-B1F78D25FA66}.Debug|x64.ActiveCfg = Debug|Any CPU
		{951A411D-0429-4A7D-94EE-B1F78D25FA66}.Debug|x64.Build.0 = Debug|Any CPU
		{951A411D-0429-4A7D-94EE-B1F78D25FA66}.Debug|x86.ActiveCfg = Debug|Any CPU
		{951A411D-0429-4A7D-94EE-B1F78D25FA66}.Debug|x86.Build.0 = Debug|Any CPU
		{951A411D-0429-4A7D-94EE-B1F78D25FA66}.Release|Any CPU.ActiveCfg = Release|Any CPU
		{951A411D-0429-4A7D-94EE-B1F78D25FA66}.Release|Any CPU.Build.0 = Release|Any CPU
		{951A411D-0429-4A7D-94EE-B1F78D25FA66}.Release|x64.ActiveCfg = Release|Any CPU
		{951A411D-0429-4A7D-94EE-B1F78D25FA66}.Release|x64.Build.0 = Release|Any CPU
		{951A411D-0429-4A7D-94EE-B1F78D25FA66}.Release|x86.ActiveCfg = Release|Any CPU
		{951A411D-0429-4A7D-94EE-B1F78D25FA66}.Release|x86.Build.0 = Release|Any CPU
		{2A95DFF2-04F7-48DF-87CE-AF1B4D715523}.Debug|Any CPU.ActiveCfg = Debug|Any CPU
		{2A95DFF2-04F7-48DF-87CE-AF1B4D715523}.Debug|Any CPU.Build.0 = Debug|Any CPU
		{2A95DFF2-04F7-48DF-87CE-AF1B4D715523}.Debug|x64.ActiveCfg = Debug|Any CPU
		{2A95DFF2-04F7-48DF-87CE-AF1B4D715523}.Debug|x64.Build.0 = Debug|Any CPU
		{2A95DFF2-04F7-48DF-87CE-AF1B4D715523}.Debug|x86.ActiveCfg = Debug|Any CPU
		{2A95DFF2-04F7-48DF-87CE-AF1B4D715523}.Debug|x86.Build.0 = Debug|Any CPU
		{2A95DFF2-04F7-48DF-87CE-AF1B4D715523}.Release|Any CPU.ActiveCfg = Release|Any CPU
		{2A95DFF2-04F7-48DF-87CE-AF1B4D715523}.Release|Any CPU.Build.0 = Release|Any CPU
		{2A95DFF2-04F7-48DF-87CE-AF1B4D715523}.Release|x64.ActiveCfg = Release|Any CPU
		{2A95DFF2-04F7-48DF-87CE-AF1B4D715523}.Release|x64.Build.0 = Release|Any CPU
		{2A95DFF2-04F7-48DF-87CE-AF1B4D715523}.Release|x86.ActiveCfg = Release|Any CPU
		{2A95DFF2-04F7-48DF-87CE-AF1B4D715523}.Release|x86.Build.0 = Release|Any CPU
		{59F959EE-57E3-6546-4620-F489165BB43D}.Debug|Any CPU.ActiveCfg = Debug|Any CPU
		{59F959EE-57E3-6546-4620-F489165BB43D}.Debug|Any CPU.Build.0 = Debug|Any CPU
		{59F959EE-57E3-6546-4620-F489165BB43D}.Debug|x64.ActiveCfg = Debug|Any CPU
		{59F959EE-57E3-6546-4620-F489165BB43D}.Debug|x64.Build.0 = Debug|Any CPU
		{59F959EE-57E3-6546-4620-F489165BB43D}.Debug|x86.ActiveCfg = Debug|Any CPU
		{59F959EE-57E3-6546-4620-F489165BB43D}.Debug|x86.Build.0 = Debug|Any CPU
		{59F959EE-57E3-6546-4620-F489165BB43D}.Release|Any CPU.ActiveCfg = Release|Any CPU
		{59F959EE-57E3-6546-4620-F489165BB43D}.Release|Any CPU.Build.0 = Release|Any CPU
		{59F959EE-57E3-6546-4620-F489165BB43D}.Release|x64.ActiveCfg = Release|Any CPU
		{59F959EE-57E3-6546-4620-F489165BB43D}.Release|x64.Build.0 = Release|Any CPU
		{59F959EE-57E3-6546-4620-F489165BB43D}.Release|x86.ActiveCfg = Release|Any CPU
		{59F959EE-57E3-6546-4620-F489165BB43D}.Release|x86.Build.0 = Release|Any CPU
		{EC080583-F95B-43C9-B2A1-0CB5D7EF7B30}.Debug|Any CPU.ActiveCfg = Debug|Any CPU
		{EC080583-F95B-43C9-B2A1-0CB5D7EF7B30}.Debug|Any CPU.Build.0 = Debug|Any CPU
		{EC080583-F95B-43C9-B2A1-0CB5D7EF7B30}.Debug|x64.ActiveCfg = Debug|Any CPU
		{EC080583-F95B-43C9-B2A1-0CB5D7EF7B30}.Debug|x64.Build.0 = Debug|Any CPU
		{EC080583-F95B-43C9-B2A1-0CB5D7EF7B30}.Debug|x86.ActiveCfg = Debug|Any CPU
		{EC080583-F95B-43C9-B2A1-0CB5D7EF7B30}.Debug|x86.Build.0 = Debug|Any CPU
		{EC080583-F95B-43C9-B2A1-0CB5D7EF7B30}.Release|Any CPU.ActiveCfg = Release|Any CPU
		{EC080583-F95B-43C9-B2A1-0CB5D7EF7B30}.Release|Any CPU.Build.0 = Release|Any CPU
		{EC080583-F95B-43C9-B2A1-0CB5D7EF7B30}.Release|x64.ActiveCfg = Release|Any CPU
		{EC080583-F95B-43C9-B2A1-0CB5D7EF7B30}.Release|x64.Build.0 = Release|Any CPU
		{EC080583-F95B-43C9-B2A1-0CB5D7EF7B30}.Release|x86.ActiveCfg = Release|Any CPU
		{EC080583-F95B-43C9-B2A1-0CB5D7EF7B30}.Release|x86.Build.0 = Release|Any CPU
		{D66513E6-621B-4054-B0C3-A7E646124A12}.Debug|Any CPU.ActiveCfg = Debug|Any CPU
		{D66513E6-621B-4054-B0C3-A7E646124A12}.Debug|Any CPU.Build.0 = Debug|Any CPU
		{D66513E6-621B-4054-B0C3-A7E646124A12}.Debug|x64.ActiveCfg = Debug|Any CPU
		{D66513E6-621B-4054-B0C3-A7E646124A12}.Debug|x64.Build.0 = Debug|Any CPU
		{D66513E6-621B-4054-B0C3-A7E646124A12}.Debug|x86.ActiveCfg = Debug|Any CPU
		{D66513E6-621B-4054-B0C3-A7E646124A12}.Debug|x86.Build.0 = Debug|Any CPU
		{D66513E6-621B-4054-B0C3-A7E646124A12}.Release|Any CPU.ActiveCfg = Release|Any CPU
		{D66513E6-621B-4054-B0C3-A7E646124A12}.Release|Any CPU.Build.0 = Release|Any CPU
		{D66513E6-621B-4054-B0C3-A7E646124A12}.Release|x64.ActiveCfg = Release|Any CPU
		{D66513E6-621B-4054-B0C3-A7E646124A12}.Release|x64.Build.0 = Release|Any CPU
		{D66513E6-621B-4054-B0C3-A7E646124A12}.Release|x86.ActiveCfg = Release|Any CPU
		{D66513E6-621B-4054-B0C3-A7E646124A12}.Release|x86.Build.0 = Release|Any CPU
		{083A1DC0-95E0-44D8-AD5B-404A64F55A14}.Debug|Any CPU.ActiveCfg = Debug|Any CPU
		{083A1DC0-95E0-44D8-AD5B-404A64F55A14}.Debug|Any CPU.Build.0 = Debug|Any CPU
		{083A1DC0-95E0-44D8-AD5B-404A64F55A14}.Debug|x64.ActiveCfg = Debug|Any CPU
		{083A1DC0-95E0-44D8-AD5B-404A64F55A14}.Debug|x64.Build.0 = Debug|Any CPU
		{083A1DC0-95E0-44D8-AD5B-404A64F55A14}.Debug|x86.ActiveCfg = Debug|Any CPU
		{083A1DC0-95E0-44D8-AD5B-404A64F55A14}.Debug|x86.Build.0 = Debug|Any CPU
		{083A1DC0-95E0-44D8-AD5B-404A64F55A14}.Release|Any CPU.ActiveCfg = Release|Any CPU
		{083A1DC0-95E0-44D8-AD5B-404A64F55A14}.Release|Any CPU.Build.0 = Release|Any CPU
		{083A1DC0-95E0-44D8-AD5B-404A64F55A14}.Release|x64.ActiveCfg = Release|Any CPU
		{083A1DC0-95E0-44D8-AD5B-404A64F55A14}.Release|x64.Build.0 = Release|Any CPU
		{083A1DC0-95E0-44D8-AD5B-404A64F55A14}.Release|x86.ActiveCfg = Release|Any CPU
		{083A1DC0-95E0-44D8-AD5B-404A64F55A14}.Release|x86.Build.0 = Release|Any CPU
		{7A2D34D9-A65D-4937-8583-DB4FD8042C22}.Debug|Any CPU.ActiveCfg = Debug|Any CPU
		{7A2D34D9-A65D-4937-8583-DB4FD8042C22}.Debug|Any CPU.Build.0 = Debug|Any CPU
		{7A2D34D9-A65D-4937-8583-DB4FD8042C22}.Debug|x64.ActiveCfg = Debug|Any CPU
		{7A2D34D9-A65D-4937-8583-DB4FD8042C22}.Debug|x64.Build.0 = Debug|Any CPU
		{7A2D34D9-A65D-4937-8583-DB4FD8042C22}.Debug|x86.ActiveCfg = Debug|Any CPU
		{7A2D34D9-A65D-4937-8583-DB4FD8042C22}.Debug|x86.Build.0 = Debug|Any CPU
		{7A2D34D9-A65D-4937-8583-DB4FD8042C22}.Release|Any CPU.ActiveCfg = Release|Any CPU
		{7A2D34D9-A65D-4937-8583-DB4FD8042C22}.Release|Any CPU.Build.0 = Release|Any CPU
		{7A2D34D9-A65D-4937-8583-DB4FD8042C22}.Release|x64.ActiveCfg = Release|Any CPU
		{7A2D34D9-A65D-4937-8583-DB4FD8042C22}.Release|x64.Build.0 = Release|Any CPU
		{7A2D34D9-A65D-4937-8583-DB4FD8042C22}.Release|x86.ActiveCfg = Release|Any CPU
		{7A2D34D9-A65D-4937-8583-DB4FD8042C22}.Release|x86.Build.0 = Release|Any CPU
	EndGlobalSection
	GlobalSection(SolutionProperties) = preSolution
		HideSolutionNode = FALSE
	EndGlobalSection
	GlobalSection(ExtensibilityGlobals) = postSolution
		SolutionGuid = {61F7FB11-1E47-470C-91E2-47F8143E1572}
	EndGlobalSection
EndGlobal
