
Microsoft Visual Studio Solution File, Format Version 12.00
# Visual Studio Version 18
VisualStudioVersion = 18.3.11520.95
MinimumVisualStudioVersion = 10.0.40219.1
Project("{FAE04EC0-301F-11D3-BF4B-00C04F79EFBC}") = "VideoWebPlayer", "VideoWebPlayer\VideoWebPlayer.csproj", "{951A411D-0429-4A7D-94EE-B1F78D25FA66}"
EndProject
Project("{FAE04EC0-301F-11D3-BF4B-00C04F79EFBC}") = "VideoWebPlayer.Client", "VideoWebPlayer.Client\VideoWebPlayer.Client.csproj", "{2A95DFF2-04F7-48DF-87CE-AF1B4D715523}"
EndProject
Project("{FAE04EC0-301F-11D3-BF4B-00C04F79EFBC}") = "VideoWebPlayer.Tests", "VideoWebPlayer.Tests\VideoWebPlayer.Tests.csproj", "{59F959EE-57E3-6546-4620-F489165BB43D}"
EndProject
Project("{2150E333-8FDC-42A3-9474-1A3956D46DE8}") = "tools", "tools", "{07C2787E-EAC7-C090-1BA3-A61EC2A24D84}"
EndProject
Project("{FAE04EC0-301F-11D3-BF4B-00C04F79EFBC}") = "MarkdownLinkCheck", "tools\MarkdownLinkCheck\MarkdownLinkCheck.csproj", "{8991CA08-E747-4077-BC74-28951206BF20}"
EndProject
Project("{FAE04EC0-301F-11D3-BF4B-00C04F79EFBC}") = "MarkdownLinkCheck.Tests", "tools\MarkdownLinkCheck.Tests\MarkdownLinkCheck.Tests.csproj", "{1375F74C-F8FF-4B84-A0A0-51CD4D47A6F6}"
EndProject
Global
	GlobalSection(SolutionConfigurationPlatforms) = preSolution
		Debug|Any CPU = Debug|Any CPU
		Debug|x64 = Debug|x64
		Debug|x86 = Debug|x86
		Release|Any CPU = Release|Any CPU
		Release|x64 = Release|x64
		Release|x86 = Release|x86
	EndGlobalSection
	GlobalSection(ProjectConfigurationPlatforms) = postSolution
		{951A411D-0429-4A7D-94EE-B1F78D25FA66}.Debug|Any CPU.ActiveCfg = Debug|Any CPU
		{951A411D-0429-4A7D-94EE-B1F78D25FA66}.Debug|Any CPU.Build.0 = Debug|Any CPU
		{951A411D-0429-4A7D-94EE-B1F78D25FA66}.Debug|x64.ActiveCfg = Debug|Any CPU
		{951A411D-0429-4A7D-94EE-B1F78D25FA66}.Debug|x64.Build.0 = Debug|Any CPU
		{951A411D-0429-4A7D-94EE-B1F78D25FA66}.Debug|x86.ActiveCfg = Debug|Any CPU
		{951A411D-0429-4A7D-94EE-B1F78D25FA66}.Debug|x86.Build.0 = Debug|Any CPU
		{951A411D-0429-4A7D-94EE-B1F78D25FA66}.Release|Any CPU.ActiveCfg = Release|Any CPU
		{951A411D-0429-4A7D-94EE-B1F78D25FA66}.Release|Any CPU.Build.0 = Release|Any CPU
		{951A411D-0429-4A7D-94EE-B1F78D25FA66}.Release|x64.ActiveCfg = Release|Any CPU
		{951A411D-0429-4A7D-94EE-B1F78D25FA66}.Release|x64.Build.0 = Release|Any CPU
		{951A411D-0429-4A7D-94EE-B1F78D25FA66}.Release|x86.ActiveCfg = Release|Any CPU
		{951A411D-0429-4A7D-94EE-B1F78D25FA66}.Release|x86.Build.0 = Release|Any CPU
		{2A95DFF2-04F7-48DF-87CE-AF1B4D715523}.Debug|Any CPU.ActiveCfg = Debug|Any CPU
		{2A95DFF2-04F7-48DF-87CE-AF1B4D715523}.Debug|Any CPU.Build.0 = Debug|Any CPU
		{2A95DFF2-04F7-48DF-87CE-AF1B4D715523}.Debug|x64.ActiveCfg = Debug|Any CPU
		{2A95DFF2-04F7-48DF-87CE-AF1B4D715523}.Debug|x64.Build.0 = Debug|Any CPU
		{2A95DFF2-04F7-48DF-87CE-AF1B4D715523}.Debug|x86.ActiveCfg = Debug|Any CPU
		{2A95DFF2-04F7-48DF-87CE-AF1B4D715523}.Debug|x86.Build.0 = Debug|Any CPU
		{2A95DFF2-04F7-48DF-87CE-AF1B4D715523}.Release|Any CPU.ActiveCfg = Release|Any CPU
		{2A95DFF2-04F7-48DF-87CE-AF1B4D715523}.Release|Any CPU.Build.0 = Release|Any CPU
		{2A95DFF2-04F7-48DF-87CE-AF1B4D715523}.Release|x64.ActiveCfg = Release|Any CPU
		{2A95DFF2-04F7-48DF-87CE-AF1B4D715523}.Release|x64.Build.0 = Release|Any CPU
		{2A95DFF2-04F7-48DF-87CE-AF1B4D715523}.Release|x86.ActiveCfg = Release|Any CPU
		{2A95DFF2-04F7-48DF-87CE-AF1B4D715523}.Release|x86.Build.0 = Release|Any CPU
		{59F959EE-57E3-6546-4620-F489165BB43D}.Debug|Any CPU.ActiveCfg = Debug|Any CPU
		{59F959EE-57E3-6546-4620-F489165BB43D}.Debug|Any CPU.Build.0 = Debug|Any CPU
		{59F959EE-57E3-6546-4620-F489165BB43D}.Debug|x64.ActiveCfg = Debug|Any CPU
		{59F959EE-57E3-6546-4620-F489165BB43D}.Debug|x64.Build.0 = Debug|Any CPU
		{59F959EE-57E3-6546-4620-F489165BB43D}.Debug|x86.ActiveCfg = Debug|Any CPU
		{59F959EE-57E3-6546-4620-F489165BB43D}.Debug|x86.Build.0 = Debug|Any CPU
		{59F959EE-57E3-6546-4620-F489165BB43D}.Release|Any CPU.ActiveCfg = Release|Any CPU
		{59F959EE-57E3-6546-4620-F489165BB43D}.Release|Any CPU.Build.0 = Release|Any CPU
		{59F959EE-57E3-6546-4620-F489165BB43D}.Release|x64.ActiveCfg = Release|Any CPU
		{59F959EE-57E3-6546-4620-F489165BB43D}.Release|x64.Build.0 = Release|Any CPU
		{59F959EE-57E3-6546-4620-F489165BB43D}.Release|x86.ActiveCfg = Release|Any CPU
		{59F959EE-57E3-6546-4620-F489165BB43D}.Release|x86.Build.0 = Release|Any CPU
		{8991CA08-E747-4077-BC74-28951206BF20}.Debug|Any CPU.ActiveCfg = Debug|Any CPU
		{8991CA08-E747-4077-BC74-28951206BF20}.Debug|Any CPU.Build.0 = Debug|Any CPU
		{8991CA08-E747-4077-BC74-28951206BF20}.Debug|x64.ActiveCfg = Debug|Any CPU
		{8991CA08-E747-4077-BC74-28951206BF20}.Debug|x64.Build.0 = Debug|Any CPU
		{8991CA08-E747-4077-BC74-28951206BF20}.Debug|x86.ActiveCfg = Debug|Any CPU
		{8991CA08-E747-4077-BC74-28951206BF20}.Debug|x86.Build.0 = Debug|Any CPU
		{8991CA08-E747-4077-BC74-28951206BF20}.Release|Any CPU.ActiveCfg = Release|Any CPU
		{8991CA08-E747-4077-BC74-28951206BF20}.Release|Any CPU.Build.0 = Release|Any CPU
		{8991CA08-E747-4077-BC74-28951206BF20}.Release|x64.ActiveCfg = Release|Any CPU
		{8991CA08-E747-4077-BC74-28951206BF20}.Release|x64.Build.0 = Release|Any CPU
		{8991CA08-E747-4077-BC74-28951206BF20}.Release|x86.ActiveCfg = Release|Any CPU
		{8991CA08-E747-4077-BC74-28951206BF20}.Release|x86.Build.0 = Release|Any CPU
		{1375F74C-F8FF-4B84-A0A0-51CD4D47A6F6}.Debug|Any CPU.ActiveCfg = Debug|Any CPU
		{1375F74C-F8FF-4B84-A0A0-51CD4D47A6F6}.Debug|Any CPU.Build.0 = Debug|Any CPU
		{1375F74C-F8FF-4B84-A0A0-51CD4D47A6F6}.Debug|x64.ActiveCfg = Debug|Any CPU
		{1375F74C-F8FF-4B84-A0A0-51CD4D47A6F6}.Debug|x64.Build.0 = Debug|Any CPU
		{1375F74C-F8FF-4B84-A0A0-51CD4D47A6F6}.Debug|x86.ActiveCfg = Debug|Any CPU
		{1375F74C-F8FF-4B84-A0A0-51CD4D47A6F6}.Debug|x86.Build.0 = Debug|Any CPU
		{1375F74C-F8FF-4B84-A0A0-51CD4D47A6F6}.Release|Any CPU.ActiveCfg = Release|Any CPU
		{1375F74C-F8FF-4B84-A0A0-51CD4D47A6F6}.Release|Any CPU.Build.0 = Release|Any CPU
		{1375F74C-F8FF-4B84-A0A0-51CD4D47A6F6}.Release|x64.ActiveCfg = Release|Any CPU
		{1375F74C-F8FF-4B84-A0A0-51CD4D47A6F6}.Release|x64.Build.0 = Release|Any CPU
		{1375F74C-F8FF-4B84-A0A0-51CD4D47A6F6}.Release|x86.ActiveCfg = Release|Any CPU
		{1375F74C-F8FF-4B84-A0A0-51CD4D47A6F6}.Release|x86.Build.0 = Release|Any CPU
	EndGlobalSection
	GlobalSection(SolutionProperties) = preSolution
		HideSolutionNode = FALSE
	EndGlobalSection
	GlobalSection(NestedProjects) = preSolution
		{8991CA08-E747-4077-BC74-28951206BF20} = {07C2787E-EAC7-C090-1BA3-A61EC2A24D84}
		{1375F74C-F8FF-4B84-A0A0-51CD4D47A6F6} = {07C2787E-EAC7-C090-1BA3-A61EC2A24D84}
	EndGlobalSection
	GlobalSection(ExtensibilityGlobals) = postSolution
		SolutionGuid = {61F7FB11-1E47-470C-91E2-47F8143E1572}
	EndGlobalSection
EndGlobal
